
Microsoft Visual Studio Solution File, Format Version 12.00
# Visual Studio 15
VisualStudioVersion = 15.0.27703.2035
MinimumVisualStudioVersion = 10.0.40219.1
Project("{FAE04EC0-301F-11D3-BF4B-00C04F79EFBC}") = "JsonSettings.Library", "JsonSettings.Library\JsonSettings.Library.csproj", "{B09404AE-958E-4A12-B400-8353DE49227B}"
EndProject
Project("{FAE04EC0-301F-11D3-BF4B-00C04F79EFBC}") = "JsonSettings.Test", "JsonSettings.Test\JsonSettings.Test.csproj", "{F1225DF3-CA06-4852-B7AC-89212A64D7B8}"
EndProject
Global
	GlobalSection(SolutionConfigurationPlatforms) = preSolution
		Debug|Any CPU = Debug|Any CPU
		Release|Any CPU = Release|Any CPU
	EndGlobalSection
	GlobalSection(ProjectConfigurationPlatforms) = postSolution
		{B09404AE-958E-4A12-B400-8353DE49227B}.Debug|Any CPU.ActiveCfg = Debug|Any CPU
		{B09404AE-958E-4A12-B400-8353DE49227B}.Debug|Any CPU.Build.0 = Debug|Any CPU
		{B09404AE-958E-4A12-B400-8353DE49227B}.Release|Any CPU.ActiveCfg = Release|Any CPU
		{B09404AE-958E-4A12-B400-8353DE49227B}.Release|Any CPU.Build.0 = Release|Any CPU
		{F1225DF3-CA06-4852-B7AC-89212A64D7B8}.Debug|Any CPU.ActiveCfg = Debug|Any CPU
		{F1225DF3-CA06-4852-B7AC-89212A64D7B8}.Debug|Any CPU.Build.0 = Debug|Any CPU
		{F1225DF3-CA06-4852-B7AC-89212A64D7B8}.Release|Any CPU.ActiveCfg = Release|Any CPU
		{F1225DF3-CA06-4852-B7AC-89212A64D7B8}.Release|Any CPU.Build.0 = Release|Any CPU
	EndGlobalSection
	GlobalSection(SolutionProperties) = preSolution
		HideSolutionNode = FALSE
	EndGlobalSection
	GlobalSection(ExtensibilityGlobals) = postSolution
		SolutionGuid = {350FF914-0FC4-4D17-A8A8-3DD93F1E4C1D}
	EndGlobalSection
EndGlobal
